// !$*UTF8*$!
{
	archiveVersion = 1;
	classes = {
	};
	objectVersion = 56;
	objects = {

/* Begin PBXBuildFile section */
		272A7E9D2BBE38470078B517 /* AppDelegate.swift in Sources */ = {isa = PBXBuildFile; fileRef = 272A7E9C2BBE38470078B517 /* AppDelegate.swift */; };
		272A7E9F2BBE38470078B517 /* SceneDelegate.swift in Sources */ = {isa = PBXBuildFile; fileRef = 272A7E9E2BBE38470078B517 /* SceneDelegate.swift */; };
		272A7EA42BBE38470078B517 /* Main.storyboard in Resources */ = {isa = PBXBuildFile; fileRef = 272A7EA22BBE38470078B517 /* Main.storyboard */; };
		272A7EA62BBE384A0078B517 /* Assets.xcassets in Resources */ = {isa = PBXBuildFile; fileRef = 272A7EA52BBE384A0078B517 /* Assets.xcassets */; };
		272A7EA92BBE384A0078B517 /* LaunchScreen.storyboard in Resources */ = {isa = PBXBuildFile; fileRef = 272A7EA72BBE384A0078B517 /* LaunchScreen.storyboard */; };
		2744D1F62BE29C2100A75F6C /* SearchViewController.swift in Sources */ = {isa = PBXBuildFile; fileRef = 2744D1F52BE29C2100A75F6C /* SearchViewController.swift */; };
		2744D1F82BE29C4400A75F6C /* ProfileViewController.swift in Sources */ = {isa = PBXBuildFile; fileRef = 2744D1F72BE29C4400A75F6C /* ProfileViewController.swift */; };
		2757883A2BD98737002ED81F /* HomeViewController.swift in Sources */ = {isa = PBXBuildFile; fileRef = 275788392BD98737002ED81F /* HomeViewController.swift */; };
		2757883C2BD98E6A002ED81F /* PlayerInfo.swift in Sources */ = {isa = PBXBuildFile; fileRef = 2757883B2BD98E69002ED81F /* PlayerInfo.swift */; };
		277BE7FB2BFF004100A6B859 /* Extensions.swift in Sources */ = {isa = PBXBuildFile; fileRef = 277BE7FA2BFF004100A6B859 /* Extensions.swift */; };
		277BE8002BFF091200A6B859 /* PlayerTableViewCell.swift in Sources */ = {isa = PBXBuildFile; fileRef = 277BE7FE2BFF091200A6B859 /* PlayerTableViewCell.swift */; };
		277BE8012BFF091200A6B859 /* PlayerTableViewCell.xib in Resources */ = {isa = PBXBuildFile; fileRef = 277BE7FF2BFF091200A6B859 /* PlayerTableViewCell.xib */; };
		27A3987F2BF72F1500D26D7C /* PlayerOverviewVC.swift in Sources */ = {isa = PBXBuildFile; fileRef = 27A3987E2BF72F1500D26D7C /* PlayerOverviewVC.swift */; };
/* End PBXBuildFile section */

/* Begin PBXFileReference section */
		272A7E992BBE38470078B517 /* Final Project.app */ = {isa = PBXFileReference; explicitFileType = wrapper.application; includeInIndex = 0; path = "Final Project.app"; sourceTree = BUILT_PRODUCTS_DIR; };
		272A7E9C2BBE38470078B517 /* AppDelegate.swift */ = {isa = PBXFileReference; lastKnownFileType = sourcecode.swift; path = AppDelegate.swift; sourceTree = "<group>"; };
		272A7E9E2BBE38470078B517 /* SceneDelegate.swift */ = {isa = PBXFileReference; lastKnownFileType = sourcecode.swift; path = SceneDelegate.swift; sourceTree = "<group>"; };
		272A7EA32BBE38470078B517 /* Base */ = {isa = PBXFileReference; lastKnownFileType = file.storyboard; name = Base; path = Base.lproj/Main.storyboard; sourceTree = "<group>"; };
		272A7EA52BBE384A0078B517 /* Assets.xcassets */ = {isa = PBXFileReference; lastKnownFileType = folder.assetcatalog; path = Assets.xcassets; sourceTree = "<group>"; };
		272A7EA82BBE384A0078B517 /* Base */ = {isa = PBXFileReference; lastKnownFileType = file.storyboard; name = Base; path = Base.lproj/LaunchScreen.storyboard; sourceTree = "<group>"; };
		272A7EAA2BBE384A0078B517 /* Info.plist */ = {isa = PBXFileReference; lastKnownFileType = text.plist.xml; path = Info.plist; sourceTree = "<group>"; };
		2744D1F52BE29C2100A75F6C /* SearchViewController.swift */ = {isa = PBXFileReference; lastKnownFileType = sourcecode.swift; path = SearchViewController.swift; sourceTree = "<group>"; };
		2744D1F72BE29C4400A75F6C /* ProfileViewController.swift */ = {isa = PBXFileReference; lastKnownFileType = sourcecode.swift; path = ProfileViewController.swift; sourceTree = "<group>"; };
		275788392BD98737002ED81F /* HomeViewController.swift */ = {isa = PBXFileReference; lastKnownFileType = sourcecode.swift; path = HomeViewController.swift; sourceTree = "<group>"; };
		2757883B2BD98E69002ED81F /* PlayerInfo.swift */ = {isa = PBXFileReference; lastKnownFileType = sourcecode.swift; path = PlayerInfo.swift; sourceTree = "<group>"; };
		277BE7FA2BFF004100A6B859 /* Extensions.swift */ = {isa = PBXFileReference; lastKnownFileType = sourcecode.swift; path = Extensions.swift; sourceTree = "<group>"; };
		277BE7FE2BFF091200A6B859 /* PlayerTableViewCell.swift */ = {isa = PBXFileReference; lastKnownFileType = sourcecode.swift; name = PlayerTableViewCell.swift; path = "Final Project/PlayerTableViewCell.swift"; sourceTree = "<group>"; };
		277BE7FF2BFF091200A6B859 /* PlayerTableViewCell.xib */ = {isa = PBXFileReference; lastKnownFileType = file.xib; name = PlayerTableViewCell.xib; path = "Final Project/PlayerTableViewCell.xib"; sourceTree = "<group>"; };
		27A3987E2BF72F1500D26D7C /* PlayerOverviewVC.swift */ = {isa = PBXFileReference; lastKnownFileType = sourcecode.swift; path = PlayerOverviewVC.swift; sourceTree = "<group>"; };
/* End PBXFileReference section */

/* Begin PBXFrameworksBuildPhase section */
		272A7E962BBE38470078B517 /* Frameworks */ = {
			isa = PBXFrameworksBuildPhase;
			buildActionMask = 2147483647;
			files = (
			);
			runOnlyForDeploymentPostprocessing = 0;
		};
/* End PBXFrameworksBuildPhase section */

/* Begin PBXGroup section */
		272A7E902BBE38470078B517 = {
			isa = PBXGroup;
			children = (
				277BE7FE2BFF091200A6B859 /* PlayerTableViewCell.swift */,
				277BE7FF2BFF091200A6B859 /* PlayerTableViewCell.xib */,
				272A7E9B2BBE38470078B517 /* Final Project */,
				272A7E9A2BBE38470078B517 /* Products */,
			);
			sourceTree = "<group>";
		};
		272A7E9A2BBE38470078B517 /* Products */ = {
			isa = PBXGroup;
			children = (
				272A7E992BBE38470078B517 /* Final Project.app */,
			);
			name = Products;
			sourceTree = "<group>";
		};
		272A7E9B2BBE38470078B517 /* Final Project */ = {
			isa = PBXGroup;
			children = (
				27E763512BD1A7C000CE5140 /* ViewControllers */,
				272A7E9C2BBE38470078B517 /* AppDelegate.swift */,
				272A7E9E2BBE38470078B517 /* SceneDelegate.swift */,
				277BE7FA2BFF004100A6B859 /* Extensions.swift */,
				272A7EA52BBE384A0078B517 /* Assets.xcassets */,
				272A7EA72BBE384A0078B517 /* LaunchScreen.storyboard */,
				272A7EA22BBE38470078B517 /* Main.storyboard */,
				2757883B2BD98E69002ED81F /* PlayerInfo.swift */,
				272A7EAA2BBE384A0078B517 /* Info.plist */,
			);
			path = "Final Project";
			sourceTree = "<group>";
		};
		27E763512BD1A7C000CE5140 /* ViewControllers */ = {
			isa = PBXGroup;
			children = (
				275788392BD98737002ED81F /* HomeViewController.swift */,
				2744D1F52BE29C2100A75F6C /* SearchViewController.swift */,
				2744D1F72BE29C4400A75F6C /* ProfileViewController.swift */,
				27A3987E2BF72F1500D26D7C /* PlayerOverviewVC.swift */,
			);
			path = ViewControllers;
			sourceTree = "<group>";
		};
/* End PBXGroup section */

/* Begin PBXNativeTarget section */
		272A7E982BBE38470078B517 /* Final Project */ = {
			isa = PBXNativeTarget;
			buildConfigurationList = 272A7EAD2BBE384A0078B517 /* Build configuration list for PBXNativeTarget "Final Project" */;
			buildPhases = (
				272A7E952BBE38470078B517 /* Sources */,
				272A7E962BBE38470078B517 /* Frameworks */,
				272A7E972BBE38470078B517 /* Resources */,
			);
			buildRules = (
			);
			dependencies = (
			);
			name = "Final Project";
			productName = "Final Project";
			productReference = 272A7E992BBE38470078B517 /* Final Project.app */;
			productType = "com.apple.product-type.application";
		};
/* End PBXNativeTarget section */

/* Begin PBXProject section */
		272A7E912BBE38470078B517 /* Project object */ = {
			isa = PBXProject;
			attributes = {
				BuildIndependentTargetsInParallel = 1;
				LastSwiftUpdateCheck = 1520;
				LastUpgradeCheck = 1520;
				TargetAttributes = {
					272A7E982BBE38470078B517 = {
						CreatedOnToolsVersion = 15.2;
					};
				};
			};
			buildConfigurationList = 272A7E942BBE38470078B517 /* Build configuration list for PBXProject "Final Project" */;
			compatibilityVersion = "Xcode 14.0";
			developmentRegion = en;
			hasScannedForEncodings = 0;
			knownRegions = (
				en,
				Base,
			);
			mainGroup = 272A7E902BBE38470078B517;
			productRefGroup = 272A7E9A2BBE38470078B517 /* Products */;
			projectDirPath = "";
			projectRoot = "";
			targets = (
				272A7E982BBE38470078B517 /* Final Project */,
			);
		};
/* End PBXProject section */

/* Begin PBXResourcesBuildPhase section */
		272A7E972BBE38470078B517 /* Resources */ = {
			isa = PBXResourcesBuildPhase;
			buildActionMask = 2147483647;
			files = (
				277BE8012BFF091200A6B859 /* PlayerTableViewCell.xib in Resources */,
				272A7EA92BBE384A0078B517 /* LaunchScreen.storyboard in Resources */,
				272A7EA62BBE384A0078B517 /* Assets.xcassets in Resources */,
				272A7EA42BBE38470078B517 /* Main.storyboard in Resources */,
			);
			runOnlyForDeploymentPostprocessing = 0;
		};
/* End PBXResourcesBuildPhase section */

/* Begin PBXSourcesBuildPhase section */
		272A7E952BBE38470078B517 /* Sources */ = {
			isa = PBXSourcesBuildPhase;
			buildActionMask = 2147483647;
			files = (
				2744D1F62BE29C2100A75F6C /* SearchViewController.swift in Sources */,
				2757883C2BD98E6A002ED81F /* PlayerInfo.swift in Sources */,
				2757883A2BD98737002ED81F /* HomeViewController.swift in Sources */,
				277BE7FB2BFF004100A6B859 /* Extensions.swift in Sources */,
				27A3987F2BF72F1500D26D7C /* PlayerOverviewVC.swift in Sources */,
				272A7E9D2BBE38470078B517 /* AppDelegate.swift in Sources */,
				277BE8002BFF091200A6B859 /* PlayerTableViewCell.swift in Sources */,
				2744D1F82BE29C4400A75F6C /* ProfileViewController.swift in Sources */,
				272A7E9F2BBE38470078B517 /* SceneDelegate.swift in Sources */,
			);
			runOnlyForDeploymentPostprocessing = 0;
		};
/* End PBXSourcesBuildPhase section */

/* Begin PBXVariantGroup section */
		272A7EA22BBE38470078B517 /* Main.storyboard */ = {
			isa = PBXVariantGroup;
			children = (
				272A7EA32BBE38470078B517 /* Base */,
			);
			name = Main.storyboard;
			sourceTree = "<group>";
		};
		272A7EA72BBE384A0078B517 /* LaunchScreen.storyboard */ = {
			isa = PBXVariantGroup;
			children = (
				272A7EA82BBE384A0078B517 /* Base */,
			);
			name = LaunchScreen.storyboard;
			sourceTree = "<group>";
		};
/* End PBXVariantGroup section */

/* Begin XCBuildConfiguration section */
		272A7EAB2BBE384A0078B517 /* Debug */ = {
			isa = XCBuildConfiguration;
			buildSettings = {
				ALWAYS_SEARCH_USER_PATHS = NO;
				ASSETCATALOG_COMPILER_GENERATE_SWIFT_ASSET_SYMBOL_EXTENSIONS = YES;
				CLANG_ANALYZER_NONNULL = YES;
				CLANG_ANALYZER_NUMBER_OBJECT_CONVERSION = YES_AGGRESSIVE;
				CLANG_CXX_LANGUAGE_STANDARD = "gnu++20";
				CLANG_ENABLE_MODULES = YES;
				CLANG_ENABLE_OBJC_ARC = YES;
				CLANG_ENABLE_OBJC_WEAK = YES;
				CLANG_WARN_BLOCK_CAPTURE_AUTORELEASING = YES;
				CLANG_WARN_BOOL_CONVERSION = YES;
				CLANG_WARN_COMMA = YES;
				CLANG_WARN_CONSTANT_CONVERSION = YES;
				CLANG_WARN_DEPRECATED_OBJC_IMPLEMENTATIONS = YES;
				CLANG_WARN_DIRECT_OBJC_ISA_USAGE = YES_ERROR;
				CLANG_WARN_DOCUMENTATION_COMMENTS = YES;
				CLANG_WARN_EMPTY_BODY = YES;
				CLANG_WARN_ENUM_CONVERSION = YES;
				CLANG_WARN_INFINITE_RECURSION = YES;
				CLANG_WARN_INT_CONVERSION = YES;
				CLANG_WARN_NON_LITERAL_NULL_CONVERSION = YES;
				CLANG_WARN_OBJC_IMPLICIT_RETAIN_SELF = YES;
				CLANG_WARN_OBJC_LITERAL_CONVERSION = YES;
				CLANG_WARN_OBJC_ROOT_CLASS = YES_ERROR;
				CLANG_WARN_QUOTED_INCLUDE_IN_FRAMEWORK_HEADER = YES;
				CLANG_WARN_RANGE_LOOP_ANALYSIS = YES;
				CLANG_WARN_STRICT_PROTOTYPES = YES;
				CLANG_WARN_SUSPICIOUS_MOVE = YES;
				CLANG_WARN_UNGUARDED_AVAILABILITY = YES_AGGRESSIVE;
				CLANG_WARN_UNREACHABLE_CODE = YES;
				CLANG_WARN__DUPLICATE_METHOD_MATCH = YES;
				COPY_PHASE_STRIP = NO;
				DEBUG_INFORMATION_FORMAT = dwarf;
				ENABLE_STRICT_OBJC_MSGSEND = YES;
				ENABLE_TESTABILITY = YES;
				ENABLE_USER_SCRIPT_SANDBOXING = YES;
				GCC_C_LANGUAGE_STANDARD = gnu17;
				GCC_DYNAMIC_NO_PIC = NO;
				GCC_NO_COMMON_BLOCKS = YES;
				GCC_OPTIMIZATION_LEVEL = 0;
				GCC_PREPROCESSOR_DEFINITIONS = (
					"DEBUG=1",
					"$(inherited)",
				);
				GCC_WARN_64_TO_32_BIT_CONVERSION = YES;
				GCC_WARN_ABOUT_RETURN_TYPE = YES_ERROR;
				GCC_WARN_UNDECLARED_SELECTOR = YES;
				GCC_WARN_UNINITIALIZED_AUTOS = YES_AGGRESSIVE;
				GCC_WARN_UNUSED_FUNCTION = YES;
				GCC_WARN_UNUSED_VARIABLE = YES;
				IPHONEOS_DEPLOYMENT_TARGET = 17.2;
				LOCALIZATION_PREFERS_STRING_CATALOGS = YES;
				MTL_ENABLE_DEBUG_INFO = INCLUDE_SOURCE;
				MTL_FAST_MATH = YES;
				ONLY_ACTIVE_ARCH = YES;
				SDKROOT = iphoneos;
				SWIFT_ACTIVE_COMPILATION_CONDITIONS = "DEBUG $(inherited)";
				SWIFT_OPTIMIZATION_LEVEL = "-Onone";
			};
			name = Debug;
		};
		272A7EAC2BBE384A0078B517 /* Release */ = {
			isa = XCBuildConfiguration;
			buildSettings = {
				ALWAYS_SEARCH_USER_PATHS = NO;
				ASSETCATALOG_COMPILER_GENERATE_SWIFT_ASSET_SYMBOL_EXTENSIONS = YES;
				CLANG_ANALYZER_NONNULL = YES;
				CLANG_ANALYZER_NUMBER_OBJECT_CONVERSION = YES_AGGRESSIVE;
				CLANG_CXX_LANGUAGE_STANDARD = "gnu++20";
				CLANG_ENABLE_MODULES = YES;
				CLANG_ENABLE_OBJC_ARC = YES;
				CLANG_ENABLE_OBJC_WEAK = YES;
				CLANG_WARN_BLOCK_CAPTURE_AUTORELEASING = YES;
				CLANG_WARN_BOOL_CONVERSION = YES;
				CLANG_WARN_COMMA = YES;
				CLANG_WARN_CONSTANT_CONVERSION = YES;
				CLANG_WARN_DEPRECATED_OBJC_IMPLEMENTATIONS = YES;
				CLANG_WARN_DIRECT_OBJC_ISA_USAGE = YES_ERROR;
				CLANG_WARN_DOCUMENTATION_COMMENTS = YES;
				CLANG_WARN_EMPTY_BODY = YES;
				CLANG_WARN_ENUM_CONVERSION = YES;
				CLANG_WARN_INFINITE_RECURSION = YES;
				CLANG_WARN_INT_CONVERSION = YES;
				CLANG_WARN_NON_LITERAL_NULL_CONVERSION = YES;
				CLANG_WARN_OBJC_IMPLICIT_RETAIN_SELF = YES;
				CLANG_WARN_OBJC_LITERAL_CONVERSION = YES;
				CLANG_WARN_OBJC_ROOT_CLASS = YES_ERROR;
				CLANG_WARN_QUOTED_INCLUDE_IN_FRAMEWORK_HEADER = YES;
				CLANG_WARN_RANGE_LOOP_ANALYSIS = YES;
				CLANG_WARN_STRICT_PROTOTYPES = YES;
				CLANG_WARN_SUSPICIOUS_MOVE = YES;
				CLANG_WARN_UNGUARDED_AVAILABILITY = YES_AGGRESSIVE;
				CLANG_WARN_UNREACHABLE_CODE = YES;
				CLANG_WARN__DUPLICATE_METHOD_MATCH = YES;
				COPY_PHASE_STRIP = NO;
				DEBUG_INFORMATION_FORMAT = "dwarf-with-dsym";
				ENABLE_NS_ASSERTIONS = NO;
				ENABLE_STRICT_OBJC_MSGSEND = YES;
				ENABLE_USER_SCRIPT_SANDBOXING = YES;
				GCC_C_LANGUAGE_STANDARD = gnu17;
				GCC_NO_COMMON_BLOCKS = YES;
				GCC_WARN_64_TO_32_BIT_CONVERSION = YES;
				GCC_WARN_ABOUT_RETURN_TYPE = YES_ERROR;
				GCC_WARN_UNDECLARED_SELECTOR = YES;
				GCC_WARN_UNINITIALIZED_AUTOS = YES_AGGRESSIVE;
				GCC_WARN_UNUSED_FUNCTION = YES;
				GCC_WARN_UNUSED_VARIABLE = YES;
				IPHONEOS_DEPLOYMENT_TARGET = 17.2;
				LOCALIZATION_PREFERS_STRING_CATALOGS = YES;
				MTL_ENABLE_DEBUG_INFO = NO;
				MTL_FAST_MATH = YES;
				SDKROOT = iphoneos;
				SWIFT_COMPILATION_MODE = wholemodule;
				VALIDATE_PRODUCT = YES;
			};
			name = Release;
		};
		272A7EAE2BBE384A0078B517 /* Debug */ = {
			isa = XCBuildConfiguration;
			buildSettings = {
				ASSETCATALOG_COMPILER_APPICON_NAME = AppIcon;
				ASSETCATALOG_COMPILER_GLOBAL_ACCENT_COLOR_NAME = AccentColor;
				CODE_SIGN_STYLE = Automatic;
				CURRENT_PROJECT_VERSION = 1;
				DEVELOPMENT_TEAM = PWU27T33M3;
				GENERATE_INFOPLIST_FILE = YES;
				INFOPLIST_FILE = "Final Project/Info.plist";
				INFOPLIST_KEY_UIApplicationSupportsIndirectInputEvents = YES;
				INFOPLIST_KEY_UILaunchStoryboardName = LaunchScreen;
				INFOPLIST_KEY_UIMainStoryboardFile = Main;
				INFOPLIST_KEY_UISupportedInterfaceOrientations_iPad = "UIInterfaceOrientationPortrait UIInterfaceOrientationPortraitUpsideDown UIInterfaceOrientationLandscapeLeft UIInterfaceOrientationLandscapeRight";
				INFOPLIST_KEY_UISupportedInterfaceOrientations_iPhone = "UIInterfaceOrientationPortrait UIInterfaceOrientationLandscapeLeft UIInterfaceOrientationLandscapeRight";
				LD_RUNPATH_SEARCH_PATHS = (
					"$(inherited)",
					"@executable_path/Frameworks",
				);
				MARKETING_VERSION = 1.0;
				PRODUCT_BUNDLE_IDENTIFIER = "CM.Final-Project";
				PRODUCT_NAME = "$(TARGET_NAME)";
				SWIFT_EMIT_LOC_STRINGS = YES;
				SWIFT_VERSION = 5.0;
				TARGETED_DEVICE_FAMILY = "1,2";
			};
			name = Debug;
		};
		272A7EAF2BBE384A0078B517 /* Release */ = {
			isa = XCBuildConfiguration;
			buildSettings = {
				ASSETCATALOG_COMPILER_APPICON_NAME = AppIcon;
				ASSETCATALOG_COMPILER_GLOBAL_ACCENT_COLOR_NAME = AccentColor;
				CODE_SIGN_STYLE = Automatic;
				CURRENT_PROJECT_VERSION = 1;
				DEVELOPMENT_TEAM = PWU27T33M3;
				GENERATE_INFOPLIST_FILE = YES;
				INFOPLIST_FILE = "Final Project/Info.plist";
				INFOPLIST_KEY_UIApplicationSupportsIndirectInputEvents = YES;
				INFOPLIST_KEY_UILaunchStoryboardName = LaunchScreen;
				INFOPLIST_KEY_UIMainStoryboardFile = Main;
				INFOPLIST_KEY_UISupportedInterfaceOrientations_iPad = "UIInterfaceOrientationPortrait UIInterfaceOrientationPortraitUpsideDown UIInterfaceOrientationLandscapeLeft UIInterfaceOrientationLandscapeRight";
				INFOPLIST_KEY_UISupportedInterfaceOrientations_iPhone = "UIInterfaceOrientationPortrait UIInterfaceOrientationLandscapeLeft UIInterfaceOrientationLandscapeRight";
				LD_RUNPATH_SEARCH_PATHS = (
					"$(inherited)",
					"@executable_path/Frameworks",
				);
				MARKETING_VERSION = 1.0;
				PRODUCT_BUNDLE_IDENTIFIER = "CM.Final-Project";
				PRODUCT_NAME = "$(TARGET_NAME)";
				SWIFT_EMIT_LOC_STRINGS = YES;
				SWIFT_VERSION = 5.0;
				TARGETED_DEVICE_FAMILY = "1,2";
			};
			name = Release;
		};
/* End XCBuildConfiguration section */

/* Begin XCConfigurationList section */
		272A7E942BBE38470078B517 /* Build configuration list for PBXProject "Final Project" */ = {
			isa = XCConfigurationList;
			buildConfigurations = (
				272A7EAB2BBE384A0078B517 /* Debug */,
				272A7EAC2BBE384A0078B517 /* Release */,
			);
			defaultConfigurationIsVisible = 0;
			defaultConfigurationName = Release;
		};
		272A7EAD2BBE384A0078B517 /* Build configuration list for PBXNativeTarget "Final Project" */ = {
			isa = XCConfigurationList;
			buildConfigurations = (
				272A7EAE2BBE384A0078B517 /* Debug */,
				272A7EAF2BBE384A0078B517 /* Release */,
			);
			defaultConfigurationIsVisible = 0;
			defaultConfigurationName = Release;
		};
/* End XCConfigurationList section */
	};
	rootObject = 272A7E912BBE38470078B517 /* Project object */;
}
